
Microsoft Visual Studio Solution File, Format Version 12.00
# Visual Studio 15
VisualStudioVersion = 15.0.28307.421
MinimumVisualStudioVersion = 10.0.40219.1
Project("{FAE04EC0-301F-11D3-BF4B-00C04F79EFBC}") = "main", "main\main.csproj", "{390C3168-9F6D-4491-A975-38AB3C43B146}"
EndProject
Global
	GlobalSection(SolutionConfigurationPlatforms) = preSolution
		Debug|Any CPU = Debug|Any CPU
		Release|Any CPU = Release|Any CPU
	EndGlobalSection
	GlobalSection(ProjectConfigurationPlatforms) = postSolution
		{390C3168-9F6D-4491-A975-38AB3C43B146}.Debug|Any CPU.ActiveCfg = Debug|Any CPU
		{390C3168-9F6D-4491-A975-38AB3C43B146}.Debug|Any CPU.Build.0 = Debug|Any CPU
		{390C3168-9F6D-4491-A975-38AB3C43B146}.Release|Any CPU.ActiveCfg = Release|Any CPU
		{390C3168-9F6D-4491-A975-38AB3C43B146}.Release|Any CPU.Build.0 = Release|Any CPU
	EndGlobalSection
	GlobalSection(SolutionProperties) = preSolution
		HideSolutionNode = FALSE
	EndGlobalSection
	GlobalSection(ExtensibilityGlobals) = postSolution
		SolutionGuid = {AF284032-7165-4363-B9B1-684BC50A3822}
	EndGlobalSection
EndGlobal
